// !$*UTF8*$!
{
	archiveVersion = 1;
	classes = {
	};
	objectVersion = 50;
	objects = {

/* Begin PBXBuildFile section */
		072491D9226E4E5700371854 /* AppDelegate.swift in Sources */ = {isa = PBXBuildFile; fileRef = 072491D8226E4E5700371854 /* AppDelegate.swift */; };
		072491DB226E4E5700371854 /* ViewController.swift in Sources */ = {isa = PBXBuildFile; fileRef = 072491DA226E4E5700371854 /* ViewController.swift */; };
		072491DE226E4E5700371854 /* Main.storyboard in Resources */ = {isa = PBXBuildFile; fileRef = 072491DC226E4E5700371854 /* Main.storyboard */; };
		072491E0226E4E5800371854 /* Assets.xcassets in Resources */ = {isa = PBXBuildFile; fileRef = 072491DF226E4E5800371854 /* Assets.xcassets */; };
		072491E3226E4E5800371854 /* LaunchScreen.storyboard in Resources */ = {isa = PBXBuildFile; fileRef = 072491E1226E4E5800371854 /* LaunchScreen.storyboard */; };
		072491EE226E4E5800371854 /* meme_Me_V1Tests.swift in Sources */ = {isa = PBXBuildFile; fileRef = 072491ED226E4E5800371854 /* meme_Me_V1Tests.swift */; };
		07C97FAD22777A3400D2C48D /* SaveDelegate.swift in Sources */ = {isa = PBXBuildFile; fileRef = 07C97FAC22777A3400D2C48D /* SaveDelegate.swift */; };
		07C97FAF22777A4A00D2C48D /* TextFieldDelegate.swift in Sources */ = {isa = PBXBuildFile; fileRef = 07C97FAE22777A4A00D2C48D /* TextFieldDelegate.swift */; };
/* End PBXBuildFile section */

/* Begin PBXContainerItemProxy section */
		072491EA226E4E5800371854 /* PBXContainerItemProxy */ = {
			isa = PBXContainerItemProxy;
			containerPortal = 072491CD226E4E5700371854 /* Project object */;
			proxyType = 1;
			remoteGlobalIDString = 072491D4226E4E5700371854;
			remoteInfo = "meme Me V1";
		};
/* End PBXContainerItemProxy section */

/* Begin PBXFileReference section */
		072491D5226E4E5700371854 /* meme Me V1.app */ = {isa = PBXFileReference; explicitFileType = wrapper.application; includeInIndex = 0; path = "meme Me V1.app"; sourceTree = BUILT_PRODUCTS_DIR; };
		072491D8226E4E5700371854 /* AppDelegate.swift */ = {isa = PBXFileReference; lastKnownFileType = sourcecode.swift; path = AppDelegate.swift; sourceTree = "<group>"; };
		072491DA226E4E5700371854 /* ViewController.swift */ = {isa = PBXFileReference; lastKnownFileType = sourcecode.swift; path = ViewController.swift; sourceTree = "<group>"; };
		072491DD226E4E5700371854 /* Base */ = {isa = PBXFileReference; lastKnownFileType = file.storyboard; name = Base; path = Base.lproj/Main.storyboard; sourceTree = "<group>"; };
		072491DF226E4E5800371854 /* Assets.xcassets */ = {isa = PBXFileReference; lastKnownFileType = folder.assetcatalog; path = Assets.xcassets; sourceTree = "<group>"; };
		072491E2226E4E5800371854 /* Base */ = {isa = PBXFileReference; lastKnownFileType = file.storyboard; name = Base; path = Base.lproj/LaunchScreen.storyboard; sourceTree = "<group>"; };
		072491E4226E4E5800371854 /* Info.plist */ = {isa = PBXFileReference; lastKnownFileType = text.plist.xml; path = Info.plist; sourceTree = "<group>"; };
		072491E9226E4E5800371854 /* meme Me V1Tests.xctest */ = {isa = PBXFileReference; explicitFileType = wrapper.cfbundle; includeInIndex = 0; path = "meme Me V1Tests.xctest"; sourceTree = BUILT_PRODUCTS_DIR; };
		072491ED226E4E5800371854 /* meme_Me_V1Tests.swift */ = {isa = PBXFileReference; lastKnownFileType = sourcecode.swift; path = meme_Me_V1Tests.swift; sourceTree = "<group>"; };
		072491EF226E4E5800371854 /* Info.plist */ = {isa = PBXFileReference; lastKnownFileType = text.plist.xml; path = Info.plist; sourceTree = "<group>"; };
		07C97FAC22777A3400D2C48D /* SaveDelegate.swift */ = {isa = PBXFileReference; lastKnownFileType = sourcecode.swift; path = SaveDelegate.swift; sourceTree = "<group>"; };
		07C97FAE22777A4A00D2C48D /* TextFieldDelegate.swift */ = {isa = PBXFileReference; lastKnownFileType = sourcecode.swift; path = TextFieldDelegate.swift; sourceTree = "<group>"; };
/* End PBXFileReference section */

/* Begin PBXFrameworksBuildPhase section */
		072491D2226E4E5700371854 /* Frameworks */ = {
			isa = PBXFrameworksBuildPhase;
			buildActionMask = 2147483647;
			files = (
			);
			runOnlyForDeploymentPostprocessing = 0;
		};
		072491E6226E4E5800371854 /* Frameworks */ = {
			isa = PBXFrameworksBuildPhase;
			buildActionMask = 2147483647;
			files = (
			);
			runOnlyForDeploymentPostprocessing = 0;
		};
/* End PBXFrameworksBuildPhase section */

/* Begin PBXGroup section */
		072491CC226E4E5700371854 = {
			isa = PBXGroup;
			children = (
				072491D7226E4E5700371854 /* meme Me V1 */,
				072491EC226E4E5800371854 /* meme Me V1Tests */,
				072491D6226E4E5700371854 /* Products */,
			);
			sourceTree = "<group>";
		};
		072491D6226E4E5700371854 /* Products */ = {
			isa = PBXGroup;
			children = (
				072491D5226E4E5700371854 /* meme Me V1.app */,
				072491E9226E4E5800371854 /* meme Me V1Tests.xctest */,
			);
			name = Products;
			sourceTree = "<group>";
		};
		072491D7226E4E5700371854 /* meme Me V1 */ = {
			isa = PBXGroup;
			children = (
				072491DC226E4E5700371854 /* Main.storyboard */,
				072491DA226E4E5700371854 /* ViewController.swift */,
				07C97FAE22777A4A00D2C48D /* TextFieldDelegate.swift */,
				07C97FAC22777A3400D2C48D /* SaveDelegate.swift */,
				072491D8226E4E5700371854 /* AppDelegate.swift */,
				072491DF226E4E5800371854 /* Assets.xcassets */,
				072491E1226E4E5800371854 /* LaunchScreen.storyboard */,
				072491E4226E4E5800371854 /* Info.plist */,
			);
			path = "meme Me V1";
			sourceTree = "<group>";
		};
		072491EC226E4E5800371854 /* meme Me V1Tests */ = {
			isa = PBXGroup;
			children = (
				072491ED226E4E5800371854 /* meme_Me_V1Tests.swift */,
				072491EF226E4E5800371854 /* Info.plist */,
			);
			path = "meme Me V1Tests";
			sourceTree = "<group>";
		};
/* End PBXGroup section */

/* Begin PBXNativeTarget section */
		072491D4226E4E5700371854 /* meme Me V1 */ = {
			isa = PBXNativeTarget;
			buildConfigurationList = 072491F2226E4E5800371854 /* Build configuration list for PBXNativeTarget "meme Me V1" */;
			buildPhases = (
				072491D1226E4E5700371854 /* Sources */,
				072491D2226E4E5700371854 /* Frameworks */,
				072491D3226E4E5700371854 /* Resources */,
			);
			buildRules = (
			);
			dependencies = (
			);
			name = "meme Me V1";
			productName = "meme Me V1";
			productReference = 072491D5226E4E5700371854 /* meme Me V1.app */;
			productType = "com.apple.product-type.application";
		};
		072491E8226E4E5800371854 /* meme Me V1Tests */ = {
			isa = PBXNativeTarget;
			buildConfigurationList = 072491F5226E4E5800371854 /* Build configuration list for PBXNativeTarget "meme Me V1Tests" */;
			buildPhases = (
				072491E5226E4E5800371854 /* Sources */,
				072491E6226E4E5800371854 /* Frameworks */,
				072491E7226E4E5800371854 /* Resources */,
			);
			buildRules = (
			);
			dependencies = (
				072491EB226E4E5800371854 /* PBXTargetDependency */,
			);
			name = "meme Me V1Tests";
			productName = "meme Me V1Tests";
			productReference = 072491E9226E4E5800371854 /* meme Me V1Tests.xctest */;
			productType = "com.apple.product-type.bundle.unit-test";
		};
/* End PBXNativeTarget section */

/* Begin PBXProject section */
		072491CD226E4E5700371854 /* Project object */ = {
			isa = PBXProject;
			attributes = {
				LastSwiftUpdateCheck = 1010;
				LastUpgradeCheck = 1010;
				ORGANIZATIONNAME = OMAR;
				TargetAttributes = {
					072491D4226E4E5700371854 = {
						CreatedOnToolsVersion = 10.1;
					};
					072491E8226E4E5800371854 = {
						CreatedOnToolsVersion = 10.1;
						TestTargetID = 072491D4226E4E5700371854;
					};
				};
			};
			buildConfigurationList = 072491D0226E4E5700371854 /* Build configuration list for PBXProject "meme Me V1" */;
			compatibilityVersion = "Xcode 9.3";
			developmentRegion = en;
			hasScannedForEncodings = 0;
			knownRegions = (
				en,
				Base,
			);
			mainGroup = 072491CC226E4E5700371854;
			productRefGroup = 072491D6226E4E5700371854 /* Products */;
			projectDirPath = "";
			projectRoot = "";
			targets = (
				072491D4226E4E5700371854 /* meme Me V1 */,
				072491E8226E4E5800371854 /* meme Me V1Tests */,
			);
		};
/* End PBXProject section */

/* Begin PBXResourcesBuildPhase section */
		072491D3226E4E5700371854 /* Resources */ = {
			isa = PBXResourcesBuildPhase;
			buildActionMask = 2147483647;
			files = (
				072491E3226E4E5800371854 /* LaunchScreen.storyboard in Resources */,
				072491E0226E4E5800371854 /* Assets.xcassets in Resources */,
				072491DE226E4E5700371854 /* Main.storyboard in Resources */,
			);
			runOnlyForDeploymentPostprocessing = 0;
		};
		072491E7226E4E5800371854 /* Resources */ = {
			isa = PBXResourcesBuildPhase;
			buildActionMask = 2147483647;
			files = (
			);
			runOnlyForDeploymentPostprocessing = 0;
		};
/* End PBXResourcesBuildPhase section */

/* Begin PBXSourcesBuildPhase section */
		072491D1226E4E5700371854 /* Sources */ = {
			isa = PBXSourcesBuildPhase;
			buildActionMask = 2147483647;
			files = (
				072491DB226E4E5700371854 /* ViewController.swift in Sources */,
				072491D9226E4E5700371854 /* AppDelegate.swift in Sources */,
				07C97FAF22777A4A00D2C48D /* TextFieldDelegate.swift in Sources */,
				07C97FAD22777A3400D2C48D /* SaveDelegate.swift in Sources */,
			);
			runOnlyForDeploymentPostprocessing = 0;
		};
		072491E5226E4E5800371854 /* Sources */ = {
			isa = PBXSourcesBuildPhase;
			buildActionMask = 2147483647;
			files = (
				072491EE226E4E5800371854 /* meme_Me_V1Tests.swift in Sources */,
			);
			runOnlyForDeploymentPostprocessing = 0;
		};
/* End PBXSourcesBuildPhase section */

/* Begin PBXTargetDependency section */
		072491EB226E4E5800371854 /* PBXTargetDependency */ = {
			isa = PBXTargetDependency;
			target = 072491D4226E4E5700371854 /* meme Me V1 */;
			targetProxy = 072491EA226E4E5800371854 /* PBXContainerItemProxy */;
		};
/* End PBXTargetDependency section */

/* Begin PBXVariantGroup section */
		072491DC226E4E5700371854 /* Main.storyboard */ = {
			isa = PBXVariantGroup;
			children = (
				072491DD226E4E5700371854 /* Base */,
			);
			name = Main.storyboard;
			sourceTree = "<group>";
		};
		072491E1226E4E5800371854 /* LaunchScreen.storyboard */ = {
			isa = PBXVariantGroup;
			children = (
				072491E2226E4E5800371854 /* Base */,
			);
			name = LaunchScreen.storyboard;
			sourceTree = "<group>";
		};
/* End PBXVariantGroup section */

/* Begin XCBuildConfiguration section */
		072491F0226E4E5800371854 /* Debug */ = {
			isa = XCBuildConfiguration;
			buildSettings = {
				ALWAYS_SEARCH_USER_PATHS = NO;
				CLANG_ANALYZER_NONNULL = YES;
				CLANG_ANALYZER_NUMBER_OBJECT_CONVERSION = YES_AGGRESSIVE;
				CLANG_CXX_LANGUAGE_STANDARD = "gnu++14";
				CLANG_CXX_LIBRARY = "libc++";
				CLANG_ENABLE_MODULES = YES;
				CLANG_ENABLE_OBJC_ARC = YES;
				CLANG_ENABLE_OBJC_WEAK = YES;
				CLANG_WARN_BLOCK_CAPTURE_AUTORELEASING = YES;
				CLANG_WARN_BOOL_CONVERSION = YES;
				CLANG_WARN_COMMA = YES;
				CLANG_WARN_CONSTANT_CONVERSION = YES;
				CLANG_WARN_DEPRECATED_OBJC_IMPLEMENTATIONS = YES;
				CLANG_WARN_DIRECT_OBJC_ISA_USAGE = YES_ERROR;
				CLANG_WARN_DOCUMENTATION_COMMENTS = YES;
				CLANG_WARN_EMPTY_BODY = YES;
				CLANG_WARN_ENUM_CONVERSION = YES;
				CLANG_WARN_INFINITE_RECURSION = YES;
				CLANG_WARN_INT_CONVERSION = YES;
				CLANG_WARN_NON_LITERAL_NULL_CONVERSION = YES;
				CLANG_WARN_OBJC_IMPLICIT_RETAIN_SELF = YES;
				CLANG_WARN_OBJC_LITERAL_CONVERSION = YES;
				CLANG_WARN_OBJC_ROOT_CLASS = YES_ERROR;
				CLANG_WARN_RANGE_LOOP_ANALYSIS = YES;
				CLANG_WARN_STRICT_PROTOTYPES = YES;
				CLANG_WARN_SUSPICIOUS_MOVE = YES;
				CLANG_WARN_UNGUARDED_AVAILABILITY = YES_AGGRESSIVE;
				CLANG_WARN_UNREACHABLE_CODE = YES;
				CLANG_WARN__DUPLICATE_METHOD_MATCH = YES;
				CODE_SIGN_IDENTITY = "iPhone Developer";
				COPY_PHASE_STRIP = NO;
				DEBUG_INFORMATION_FORMAT = dwarf;
				ENABLE_STRICT_OBJC_MSGSEND = YES;
				ENABLE_TESTABILITY = YES;
				GCC_C_LANGUAGE_STANDARD = gnu11;
				GCC_DYNAMIC_NO_PIC = NO;
				GCC_NO_COMMON_BLOCKS = YES;
				GCC_OPTIMIZATION_LEVEL = 0;
				GCC_PREPROCESSOR_DEFINITIONS = (
					"DEBUG=1",
					"$(inherited)",
				);
				GCC_WARN_64_TO_32_BIT_CONVERSION = YES;
				GCC_WARN_ABOUT_RETURN_TYPE = YES_ERROR;
				GCC_WARN_UNDECLARED_SELECTOR = YES;
				GCC_WARN_UNINITIALIZED_AUTOS = YES_AGGRESSIVE;
				GCC_WARN_UNUSED_FUNCTION = YES;
				GCC_WARN_UNUSED_VARIABLE = YES;
				IPHONEOS_DEPLOYMENT_TARGET = 12.1;
				MTL_ENABLE_DEBUG_INFO = INCLUDE_SOURCE;
				MTL_FAST_MATH = YES;
				ONLY_ACTIVE_ARCH = YES;
				SDKROOT = iphoneos;
				SWIFT_ACTIVE_COMPILATION_CONDITIONS = DEBUG;
				SWIFT_OPTIMIZATION_LEVEL = "-Onone";
			};
			name = Debug;
		};
		072491F1226E4E5800371854 /* Release */ = {
			isa = XCBuildConfiguration;
			buildSettings = {
				ALWAYS_SEARCH_USER_PATHS = NO;
				CLANG_ANALYZER_NONNULL = YES;
				CLANG_ANALYZER_NUMBER_OBJECT_CONVERSION = YES_AGGRESSIVE;
				CLANG_CXX_LANGUAGE_STANDARD = "gnu++14";
				CLANG_CXX_LIBRARY = "libc++";
				CLANG_ENABLE_MODULES = YES;
				CLANG_ENABLE_OBJC_ARC = YES;
				CLANG_ENABLE_OBJC_WEAK = YES;
				CLANG_WARN_BLOCK_CAPTURE_AUTORELEASING = YES;
				CLANG_WARN_BOOL_CONVERSION = YES;
				CLANG_WARN_COMMA = YES;
				CLANG_WARN_CONSTANT_CONVERSION = YES;
				CLANG_WARN_DEPRECATED_OBJC_IMPLEMENTATIONS = YES;
				CLANG_WARN_DIRECT_OBJC_ISA_USAGE = YES_ERROR;
				CLANG_WARN_DOCUMENTATION_COMMENTS = YES;
				CLANG_WARN_EMPTY_BODY = YES;
				CLANG_WARN_ENUM_CONVERSION = YES;
				CLANG_WARN_INFINITE_RECURSION = YES;
				CLANG_WARN_INT_CONVERSION = YES;
				CLANG_WARN_NON_LITERAL_NULL_CONVERSION = YES;
				CLANG_WARN_OBJC_IMPLICIT_RETAIN_SELF = YES;
				CLANG_WARN_OBJC_LITERAL_CONVERSION = YES;
				CLANG_WARN_OBJC_ROOT_CLASS = YES_ERROR;
				CLANG_WARN_RANGE_LOOP_ANALYSIS = YES;
				CLANG_WARN_STRICT_PROTOTYPES = YES;
				CLANG_WARN_SUSPICIOUS_MOVE = YES;
				CLANG_WARN_UNGUARDED_AVAILABILITY = YES_AGGRESSIVE;
				CLANG_WARN_UNREACHABLE_CODE = YES;
				CLANG_WARN__DUPLICATE_METHOD_MATCH = YES;
				CODE_SIGN_IDENTITY = "iPhone Developer";
				COPY_PHASE_STRIP = NO;
				DEBUG_INFORMATION_FORMAT = "dwarf-with-dsym";
				ENABLE_NS_ASSERTIONS = NO;
				ENABLE_STRICT_OBJC_MSGSEND = YES;
				GCC_C_LANGUAGE_STANDARD = gnu11;
				GCC_NO_COMMON_BLOCKS = YES;
				GCC_WARN_64_TO_32_BIT_CONVERSION = YES;
				GCC_WARN_ABOUT_RETURN_TYPE = YES_ERROR;
				GCC_WARN_UNDECLARED_SELECTOR = YES;
				GCC_WARN_UNINITIALIZED_AUTOS = YES_AGGRESSIVE;
				GCC_WARN_UNUSED_FUNCTION = YES;
				GCC_WARN_UNUSED_VARIABLE = YES;
				IPHONEOS_DEPLOYMENT_TARGET = 12.1;
				MTL_ENABLE_DEBUG_INFO = NO;
				MTL_FAST_MATH = YES;
				SDKROOT = iphoneos;
				SWIFT_COMPILATION_MODE = wholemodule;
				SWIFT_OPTIMIZATION_LEVEL = "-O";
				VALIDATE_PRODUCT = YES;
			};
			name = Release;
		};
		072491F3226E4E5800371854 /* Debug */ = {
			isa = XCBuildConfiguration;
			buildSettings = {
				ASSETCATALOG_COMPILER_APPICON_NAME = AppIcon;
				CODE_SIGN_STYLE = Automatic;
				INFOPLIST_FILE = "meme Me V1/Info.plist";
				LD_RUNPATH_SEARCH_PATHS = (
					"$(inherited)",
					"@executable_path/Frameworks",
				);
				PRODUCT_BUNDLE_IDENTIFIER = "com.cactus.meme-Me-V1";
				PRODUCT_NAME = "$(TARGET_NAME)";
				SWIFT_VERSION = 4.2;
				TARGETED_DEVICE_FAMILY = "1,2";
			};
			name = Debug;
		};
		072491F4226E4E5800371854 /* Release */ = {
			isa = XCBuildConfiguration;
			buildSettings = {
				ASSETCATALOG_COMPILER_APPICON_NAME = AppIcon;
				CODE_SIGN_STYLE = Automatic;
				INFOPLIST_FILE = "meme Me V1/Info.plist";
				LD_RUNPATH_SEARCH_PATHS = (
					"$(inherited)",
					"@executable_path/Frameworks",
				);
				PRODUCT_BUNDLE_IDENTIFIER = "com.cactus.meme-Me-V1";
				PRODUCT_NAME = "$(TARGET_NAME)";
				SWIFT_VERSION = 4.2;
				TARGETED_DEVICE_FAMILY = "1,2";
			};
			name = Release;
		};
		072491F6226E4E5800371854 /* Debug */ = {
			isa = XCBuildConfiguration;
			buildSettings = {
				ALWAYS_EMBED_SWIFT_STANDARD_LIBRARIES = YES;
				BUNDLE_LOADER = "$(TEST_HOST)";
				CODE_SIGN_STYLE = Automatic;
				INFOPLIST_FILE = "meme Me V1Tests/Info.plist";
				LD_RUNPATH_SEARCH_PATHS = (
					"$(inherited)",
					"@executable_path/Frameworks",
					"@loader_path/Frameworks",
				);
				PRODUCT_BUNDLE_IDENTIFIER = "com.cactus.meme-Me-V1Tests";
				PRODUCT_NAME = "$(TARGET_NAME)";
				SWIFT_VERSION = 4.2;
				TARGETED_DEVICE_FAMILY = "1,2";
				TEST_HOST = "$(BUILT_PRODUCTS_DIR)/meme Me V1.app/meme Me V1";
			};
			name = Debug;
		};
		072491F7226E4E5800371854 /* Release */ = {
			isa = XCBuildConfiguration;
			buildSettings = {
				ALWAYS_EMBED_SWIFT_STANDARD_LIBRARIES = YES;
				BUNDLE_LOADER = "$(TEST_HOST)";
				CODE_SIGN_STYLE = Automatic;
				INFOPLIST_FILE = "meme Me V1Tests/Info.plist";
				LD_RUNPATH_SEARCH_PATHS = (
					"$(inherited)",
					"@executable_path/Frameworks",
					"@loader_path/Frameworks",
				);
				PRODUCT_BUNDLE_IDENTIFIER = "com.cactus.meme-Me-V1Tests";
				PRODUCT_NAME = "$(TARGET_NAME)";
				SWIFT_VERSION = 4.2;
				TARGETED_DEVICE_FAMILY = "1,2";
				TEST_HOST = "$(BUILT_PRODUCTS_DIR)/meme Me V1.app/meme Me V1";
			};
			name = Release;
		};
/* End XCBuildConfiguration section */

/* Begin XCConfigurationList section */
		072491D0226E4E5700371854 /* Build configuration list for PBXProject "meme Me V1" */ = {
			isa = XCConfigurationList;
			buildConfigurations = (
				072491F0226E4E5800371854 /* Debug */,
				072491F1226E4E5800371854 /* Release */,
			);
			defaultConfigurationIsVisible = 0;
			defaultConfigurationName = Release;
		};
		072491F2226E4E5800371854 /* Build configuration list for PBXNativeTarget "meme Me V1" */ = {
			isa = XCConfigurationList;
			buildConfigurations = (
				072491F3226E4E5800371854 /* Debug */,
				072491F4226E4E5800371854 /* Release */,
			);
			defaultConfigurationIsVisible = 0;
			defaultConfigurationName = Release;
		};
		072491F5226E4E5800371854 /* Build configuration list for PBXNativeTarget "meme Me V1Tests" */ = {
			isa = XCConfigurationList;
			buildConfigurations = (
				072491F6226E4E5800371854 /* Debug */,
				072491F7226E4E5800371854 /* Release */,
			);
			defaultConfigurationIsVisible = 0;
			defaultConfigurationName = Release;
		};
/* End XCConfigurationList section */
	};
	rootObject = 072491CD226E4E5700371854 /* Project object */;
}
